
Microsoft Visual Studio Solution File, Format Version 12.00
# Visual Studio 15
VisualStudioVersion = 15.0.26228.4
MinimumVisualStudioVersion = 10.0.40219.1
Project("{FAE04EC0-301F-11D3-BF4B-00C04F79EFBC}") = "SolarTracker", "SolarTracker\SolarTracker.csproj", "{3DBF692A-75EA-451C-9F1B-4C977DD6C8FB}"
EndProject
Global
	GlobalSection(SolutionConfigurationPlatforms) = preSolution
		Debug|ARM = Debug|ARM
		Debug|x64 = Debug|x64
		Debug|x86 = Debug|x86
		Release|ARM = Release|ARM
		Release|x64 = Release|x64
		Release|x86 = Release|x86
	EndGlobalSection
	GlobalSection(ProjectConfigurationPlatforms) = postSolution
		{3DBF692A-75EA-451C-9F1B-4C977DD6C8FB}.Debug|ARM.ActiveCfg = Debug|ARM
		{3DBF692A-75EA-451C-9F1B-4C977DD6C8FB}.Debug|ARM.Build.0 = Debug|ARM
		{3DBF692A-75EA-451C-9F1B-4C977DD6C8FB}.Debug|ARM.Deploy.0 = Debug|ARM
		{3DBF692A-75EA-451C-9F1B-4C977DD6C8FB}.Debug|x64.ActiveCfg = Debug|x64
		{3DBF692A-75EA-451C-9F1B-4C977DD6C8FB}.Debug|x64.Build.0 = Debug|x64
		{3DBF692A-75EA-451C-9F1B-4C977DD6C8FB}.Debug|x64.Deploy.0 = Debug|x64
		{3DBF692A-75EA-451C-9F1B-4C977DD6C8FB}.Debug|x86.ActiveCfg = Debug|x86
		{3DBF692A-75EA-451C-9F1B-4C977DD6C8FB}.Debug|x86.Build.0 = Debug|x86
		{3DBF692A-75EA-451C-9F1B-4C977DD6C8FB}.Debug|x86.Deploy.0 = Debug|x86
		{3DBF692A-75EA-451C-9F1B-4C977DD6C8FB}.Release|ARM.ActiveCfg = Release|ARM
		{3DBF692A-75EA-451C-9F1B-4C977DD6C8FB}.Release|ARM.Build.0 = Release|ARM
		{3DBF692A-75EA-451C-9F1B-4C977DD6C8FB}.Release|ARM.Deploy.0 = Release|ARM
		{3DBF692A-75EA-451C-9F1B-4C977DD6C8FB}.Release|x64.ActiveCfg = Release|x64
		{3DBF692A-75EA-451C-9F1B-4C977DD6C8FB}.Release|x64.Build.0 = Release|x64
		{3DBF692A-75EA-451C-9F1B-4C977DD6C8FB}.Release|x64.Deploy.0 = Release|x64
		{3DBF692A-75EA-451C-9F1B-4C977DD6C8FB}.Release|x86.ActiveCfg = Release|x86
		{3DBF692A-75EA-451C-9F1B-4C977DD6C8FB}.Release|x86.Build.0 = Release|x86
		{3DBF692A-75EA-451C-9F1B-4C977DD6C8FB}.Release|x86.Deploy.0 = Release|x86
	EndGlobalSection
	GlobalSection(SolutionProperties) = preSolution
		HideSolutionNode = FALSE
	EndGlobalSection
EndGlobal
